
Microsoft Visual Studio Solution File, Format Version 12.00
# Visual Studio Version 16
VisualStudioVersion = 16.0.29403.142
MinimumVisualStudioVersion = 10.0.40219.1
Project("{9A19103F-16F7-4668-BE54-9A1E7A4F7556}") = "StructuresObjectModel", "Structures\StructuresObjectModel.csproj", "{ADA84B10-90AB-4AD2-9F7C-FDFD362AC7CA}"
EndProject
Project("{9A19103F-16F7-4668-BE54-9A1E7A4F7556}") = "DocumentManagementObjectModel", "DocumentManagement\DocumentManagementObjectModel.csproj", "{1DCE2556-069B-45E0-969C-367CA59376E9}"
EndProject
Project("{9A19103F-16F7-4668-BE54-9A1E7A4F7556}") = "StructuresObjectModelTests", "StructuresTests\StructuresObjectModelTests.csproj", "{AC8D2081-ACC4-428A-A1CB-DC86084C5275}"
EndProject
Project("{9A19103F-16F7-4668-BE54-9A1E7A4F7556}") = "HousingObjectModel", "Housing\HousingObjectModel.csproj", "{B45B4490-1CFB-412E-BCD0-9606290E4777}"
EndProject
Project("{9A19103F-16F7-4668-BE54-9A1E7A4F7556}") = "HousingObjectModelTests", "HousingTests\HousingObjectModelTests.csproj", "{882C08F0-8B71-4E7E-871D-058EECCEB932}"
EndProject
Project("{9A19103F-16F7-4668-BE54-9A1E7A4F7556}") = "DocumentManagementObjectModelUnitTests", "DocumentManagementObjectModelTests\DocumentManagementObjectModelUnitTests.csproj", "{78666F5B-86D1-4BE3-BF5D-CFDA96BC40DE}"
EndProject
Project("{2150E333-8FDC-42A3-9474-1A3956D46DE8}") = "Locals", "Locals", "{C14B1CB7-640A-432B-8437-E450E84DB07F}"
EndProject
Project("{9A19103F-16F7-4668-BE54-9A1E7A4F7556}") = "Common", "..\Common\src\Common\Common.csproj", "{1A35A2DF-1176-4C8A-99BB-15A200369EC6}"
EndProject
Project("{9A19103F-16F7-4668-BE54-9A1E7A4F7556}") = "IronstoneCore", "..\IronstoneCore\IronstoneCore\IronstoneCore.csproj", "{A3BFA507-A2C4-4C33-943B-6083133EE63C}"
EndProject
Project("{9A19103F-16F7-4668-BE54-9A1E7A4F7556}") = "DesignCalculations.Calculations", "..\DesignCalculations\src\DesignCalculations.Calculations\DesignCalculations.Calculations.csproj", "{AB4F7F3A-68FA-47FF-98E1-77EC9B6E1860}"
EndProject
Global
	GlobalSection(SolutionConfigurationPlatforms) = preSolution
		Debug 2019|Any CPU = Debug 2019|Any CPU
		Debug 2019|x64 = Debug 2019|x64
		Debug 2020|Any CPU = Debug 2020|Any CPU
		Debug 2020|x64 = Debug 2020|x64
		Debug 2021|Any CPU = Debug 2021|Any CPU
		Debug 2021|x64 = Debug 2021|x64
		Debug 2022|Any CPU = Debug 2022|Any CPU
		Debug 2022|x64 = Debug 2022|x64
		DebugLocal 2019|Any CPU = DebugLocal 2019|Any CPU
		DebugLocal 2019|x64 = DebugLocal 2019|x64
		DebugLocal 2020|Any CPU = DebugLocal 2020|Any CPU
		DebugLocal 2020|x64 = DebugLocal 2020|x64
		DebugLocal 2021|Any CPU = DebugLocal 2021|Any CPU
		DebugLocal 2021|x64 = DebugLocal 2021|x64
		DebugLocal 2022|Any CPU = DebugLocal 2022|Any CPU
		DebugLocal 2022|x64 = DebugLocal 2022|x64
		Release 2019|Any CPU = Release 2019|Any CPU
		Release 2019|x64 = Release 2019|x64
		Release 2020|Any CPU = Release 2020|Any CPU
		Release 2020|x64 = Release 2020|x64
		Release 2021|Any CPU = Release 2021|Any CPU
		Release 2021|x64 = Release 2021|x64
		Release 2022|Any CPU = Release 2022|Any CPU
		Release 2022|x64 = Release 2022|x64
		ReleaseLocal 2019|Any CPU = ReleaseLocal 2019|Any CPU
		ReleaseLocal 2019|x64 = ReleaseLocal 2019|x64
		ReleaseLocal 2020|Any CPU = ReleaseLocal 2020|Any CPU
		ReleaseLocal 2020|x64 = ReleaseLocal 2020|x64
		ReleaseLocal 2021|Any CPU = ReleaseLocal 2021|Any CPU
		ReleaseLocal 2021|x64 = ReleaseLocal 2021|x64
		ReleaseLocal 2022|Any CPU = ReleaseLocal 2022|Any CPU
		ReleaseLocal 2022|x64 = ReleaseLocal 2022|x64
	EndGlobalSection
	GlobalSection(ProjectConfigurationPlatforms) = postSolution
		{ADA84B10-90AB-4AD2-9F7C-FDFD362AC7CA}.Debug 2019|Any CPU.ActiveCfg = Debug 2019|x64
		{ADA84B10-90AB-4AD2-9F7C-FDFD362AC7CA}.Debug 2019|x64.ActiveCfg = Debug 2019|x64
		{ADA84B10-90AB-4AD2-9F7C-FDFD362AC7CA}.Debug 2019|x64.Build.0 = Debug 2019|x64
		{ADA84B10-90AB-4AD2-9F7C-FDFD362AC7CA}.Debug 2020|Any CPU.ActiveCfg = Debug 2020|x64
		{ADA84B10-90AB-4AD2-9F7C-FDFD362AC7CA}.Debug 2020|x64.ActiveCfg = Debug 2020|x64
		{ADA84B10-90AB-4AD2-9F7C-FDFD362AC7CA}.Debug 2020|x64.Build.0 = Debug 2020|x64
		{ADA84B10-90AB-4AD2-9F7C-FDFD362AC7CA}.Debug 2021|Any CPU.ActiveCfg = Debug 2021|x64
		{ADA84B10-90AB-4AD2-9F7C-FDFD362AC7CA}.Debug 2021|x64.ActiveCfg = Debug 2021|x64
		{ADA84B10-90AB-4AD2-9F7C-FDFD362AC7CA}.Debug 2021|x64.Build.0 = Debug 2021|x64
		{ADA84B10-90AB-4AD2-9F7C-FDFD362AC7CA}.Debug 2022|Any CPU.ActiveCfg = Debug 2021|x64
		{ADA84B10-90AB-4AD2-9F7C-FDFD362AC7CA}.Debug 2022|x64.ActiveCfg = Debug 2022|x64
		{ADA84B10-90AB-4AD2-9F7C-FDFD362AC7CA}.Debug 2022|x64.Build.0 = Debug 2022|x64
		{ADA84B10-90AB-4AD2-9F7C-FDFD362AC7CA}.DebugLocal 2019|Any CPU.ActiveCfg = DebugLocal 2019|x64
		{ADA84B10-90AB-4AD2-9F7C-FDFD362AC7CA}.DebugLocal 2019|x64.ActiveCfg = DebugLocal 2019|x64
		{ADA84B10-90AB-4AD2-9F7C-FDFD362AC7CA}.DebugLocal 2019|x64.Build.0 = DebugLocal 2019|x64
		{ADA84B10-90AB-4AD2-9F7C-FDFD362AC7CA}.DebugLocal 2020|Any CPU.ActiveCfg = DebugLocal 2020|x64
		{ADA84B10-90AB-4AD2-9F7C-FDFD362AC7CA}.DebugLocal 2020|x64.ActiveCfg = DebugLocal 2020|x64
		{ADA84B10-90AB-4AD2-9F7C-FDFD362AC7CA}.DebugLocal 2020|x64.Build.0 = DebugLocal 2020|x64
		{ADA84B10-90AB-4AD2-9F7C-FDFD362AC7CA}.DebugLocal 2021|Any CPU.ActiveCfg = DebugLocal 2021|x64
		{ADA84B10-90AB-4AD2-9F7C-FDFD362AC7CA}.DebugLocal 2021|x64.ActiveCfg = DebugLocal 2021|x64
		{ADA84B10-90AB-4AD2-9F7C-FDFD362AC7CA}.DebugLocal 2021|x64.Build.0 = DebugLocal 2021|x64
		{ADA84B10-90AB-4AD2-9F7C-FDFD362AC7CA}.DebugLocal 2022|Any CPU.ActiveCfg = DebugLocal 2021|x64
		{ADA84B10-90AB-4AD2-9F7C-FDFD362AC7CA}.DebugLocal 2022|x64.ActiveCfg = DebugLocal 2022|x64
		{ADA84B10-90AB-4AD2-9F7C-FDFD362AC7CA}.DebugLocal 2022|x64.Build.0 = DebugLocal 2022|x64
		{ADA84B10-90AB-4AD2-9F7C-FDFD362AC7CA}.Release 2019|Any CPU.ActiveCfg = Release 2019|x64
		{ADA84B10-90AB-4AD2-9F7C-FDFD362AC7CA}.Release 2019|x64.ActiveCfg = Release 2019|x64
		{ADA84B10-90AB-4AD2-9F7C-FDFD362AC7CA}.Release 2019|x64.Build.0 = Release 2019|x64
		{ADA84B10-90AB-4AD2-9F7C-FDFD362AC7CA}.Release 2020|Any CPU.ActiveCfg = Release 2020|x64
		{ADA84B10-90AB-4AD2-9F7C-FDFD362AC7CA}.Release 2020|x64.ActiveCfg = Release 2020|x64
		{ADA84B10-90AB-4AD2-9F7C-FDFD362AC7CA}.Release 2020|x64.Build.0 = Release 2020|x64
		{ADA84B10-90AB-4AD2-9F7C-FDFD362AC7CA}.Release 2021|Any CPU.ActiveCfg = Release 2021|x64
		{ADA84B10-90AB-4AD2-9F7C-FDFD362AC7CA}.Release 2021|x64.ActiveCfg = Release 2021|x64
		{ADA84B10-90AB-4AD2-9F7C-FDFD362AC7CA}.Release 2021|x64.Build.0 = Release 2021|x64
		{ADA84B10-90AB-4AD2-9F7C-FDFD362AC7CA}.Release 2022|Any CPU.ActiveCfg = Release 2021|x64
		{ADA84B10-90AB-4AD2-9F7C-FDFD362AC7CA}.Release 2022|x64.ActiveCfg = Release 2022|x64
		{ADA84B10-90AB-4AD2-9F7C-FDFD362AC7CA}.Release 2022|x64.Build.0 = Release 2022|x64
		{ADA84B10-90AB-4AD2-9F7C-FDFD362AC7CA}.ReleaseLocal 2019|Any CPU.ActiveCfg = ReleaseLocal 2019|x64
		{ADA84B10-90AB-4AD2-9F7C-FDFD362AC7CA}.ReleaseLocal 2019|x64.ActiveCfg = ReleaseLocal 2019|x64
		{ADA84B10-90AB-4AD2-9F7C-FDFD362AC7CA}.ReleaseLocal 2019|x64.Build.0 = ReleaseLocal 2019|x64
		{ADA84B10-90AB-4AD2-9F7C-FDFD362AC7CA}.ReleaseLocal 2020|Any CPU.ActiveCfg = ReleaseLocal 2020|x64
		{ADA84B10-90AB-4AD2-9F7C-FDFD362AC7CA}.ReleaseLocal 2020|x64.ActiveCfg = ReleaseLocal 2020|x64
		{ADA84B10-90AB-4AD2-9F7C-FDFD362AC7CA}.ReleaseLocal 2020|x64.Build.0 = ReleaseLocal 2020|x64
		{ADA84B10-90AB-4AD2-9F7C-FDFD362AC7CA}.ReleaseLocal 2021|Any CPU.ActiveCfg = ReleaseLocal 2021|x64
		{ADA84B10-90AB-4AD2-9F7C-FDFD362AC7CA}.ReleaseLocal 2021|x64.ActiveCfg = ReleaseLocal 2021|x64
		{ADA84B10-90AB-4AD2-9F7C-FDFD362AC7CA}.ReleaseLocal 2021|x64.Build.0 = ReleaseLocal 2021|x64
		{ADA84B10-90AB-4AD2-9F7C-FDFD362AC7CA}.ReleaseLocal 2022|Any CPU.ActiveCfg = ReleaseLocal 2021|x64
		{ADA84B10-90AB-4AD2-9F7C-FDFD362AC7CA}.ReleaseLocal 2022|x64.ActiveCfg = ReleaseLocal 2022|x64
		{ADA84B10-90AB-4AD2-9F7C-FDFD362AC7CA}.ReleaseLocal 2022|x64.Build.0 = ReleaseLocal 2022|x64
		{1DCE2556-069B-45E0-969C-367CA59376E9}.Debug 2019|Any CPU.ActiveCfg = Debug 2019|x64
		{1DCE2556-069B-45E0-969C-367CA59376E9}.Debug 2019|x64.ActiveCfg = Debug 2019|x64
		{1DCE2556-069B-45E0-969C-367CA59376E9}.Debug 2019|x64.Build.0 = Debug 2019|x64
		{1DCE2556-069B-45E0-969C-367CA59376E9}.Debug 2020|Any CPU.ActiveCfg = Debug 2020|x64
		{1DCE2556-069B-45E0-969C-367CA59376E9}.Debug 2020|x64.ActiveCfg = Debug 2020|x64
		{1DCE2556-069B-45E0-969C-367CA59376E9}.Debug 2020|x64.Build.0 = Debug 2020|x64
		{1DCE2556-069B-45E0-969C-367CA59376E9}.Debug 2021|Any CPU.ActiveCfg = Debug 2021|x64
		{1DCE2556-069B-45E0-969C-367CA59376E9}.Debug 2021|x64.ActiveCfg = Debug 2021|x64
		{1DCE2556-069B-45E0-969C-367CA59376E9}.Debug 2021|x64.Build.0 = Debug 2021|x64
		{1DCE2556-069B-45E0-969C-367CA59376E9}.Debug 2022|Any CPU.ActiveCfg = Debug 2021|x64
		{1DCE2556-069B-45E0-969C-367CA59376E9}.Debug 2022|x64.ActiveCfg = Debug 2022|x64
		{1DCE2556-069B-45E0-969C-367CA59376E9}.Debug 2022|x64.Build.0 = Debug 2022|x64
		{1DCE2556-069B-45E0-969C-367CA59376E9}.DebugLocal 2019|Any CPU.ActiveCfg = DebugLocal 2019|x64
		{1DCE2556-069B-45E0-969C-367CA59376E9}.DebugLocal 2019|x64.ActiveCfg = DebugLocal 2019|x64
		{1DCE2556-069B-45E0-969C-367CA59376E9}.DebugLocal 2019|x64.Build.0 = DebugLocal 2019|x64
		{1DCE2556-069B-45E0-969C-367CA59376E9}.DebugLocal 2020|Any CPU.ActiveCfg = DebugLocal 2020|x64
		{1DCE2556-069B-45E0-969C-367CA59376E9}.DebugLocal 2020|x64.ActiveCfg = DebugLocal 2020|x64
		{1DCE2556-069B-45E0-969C-367CA59376E9}.DebugLocal 2020|x64.Build.0 = DebugLocal 2020|x64
		{1DCE2556-069B-45E0-969C-367CA59376E9}.DebugLocal 2021|Any CPU.ActiveCfg = DebugLocal 2021|x64
		{1DCE2556-069B-45E0-969C-367CA59376E9}.DebugLocal 2021|x64.ActiveCfg = DebugLocal 2021|x64
		{1DCE2556-069B-45E0-969C-367CA59376E9}.DebugLocal 2021|x64.Build.0 = DebugLocal 2021|x64
		{1DCE2556-069B-45E0-969C-367CA59376E9}.DebugLocal 2022|Any CPU.ActiveCfg = DebugLocal 2021|x64
		{1DCE2556-069B-45E0-969C-367CA59376E9}.DebugLocal 2022|x64.ActiveCfg = DebugLocal 2022|x64
		{1DCE2556-069B-45E0-969C-367CA59376E9}.DebugLocal 2022|x64.Build.0 = DebugLocal 2022|x64
		{1DCE2556-069B-45E0-969C-367CA59376E9}.Release 2019|Any CPU.ActiveCfg = Release 2019|x64
		{1DCE2556-069B-45E0-969C-367CA59376E9}.Release 2019|x64.ActiveCfg = Release 2019|x64
		{1DCE2556-069B-45E0-969C-367CA59376E9}.Release 2019|x64.Build.0 = Release 2019|x64
		{1DCE2556-069B-45E0-969C-367CA59376E9}.Release 2020|Any CPU.ActiveCfg = Release 2020|x64
		{1DCE2556-069B-45E0-969C-367CA59376E9}.Release 2020|x64.ActiveCfg = Release 2020|x64
		{1DCE2556-069B-45E0-969C-367CA59376E9}.Release 2020|x64.Build.0 = Release 2020|x64
		{1DCE2556-069B-45E0-969C-367CA59376E9}.Release 2021|Any CPU.ActiveCfg = Release 2021|x64
		{1DCE2556-069B-45E0-969C-367CA59376E9}.Release 2021|x64.ActiveCfg = Release 2021|x64
		{1DCE2556-069B-45E0-969C-367CA59376E9}.Release 2021|x64.Build.0 = Release 2021|x64
		{1DCE2556-069B-45E0-969C-367CA59376E9}.Release 2022|Any CPU.ActiveCfg = Release 2021|x64
		{1DCE2556-069B-45E0-969C-367CA59376E9}.Release 2022|x64.ActiveCfg = Release 2022|x64
		{1DCE2556-069B-45E0-969C-367CA59376E9}.Release 2022|x64.Build.0 = Release 2022|x64
		{1DCE2556-069B-45E0-969C-367CA59376E9}.ReleaseLocal 2019|Any CPU.ActiveCfg = ReleaseLocal 2019|x64
		{1DCE2556-069B-45E0-969C-367CA59376E9}.ReleaseLocal 2019|x64.ActiveCfg = ReleaseLocal 2019|x64
		{1DCE2556-069B-45E0-969C-367CA59376E9}.ReleaseLocal 2019|x64.Build.0 = ReleaseLocal 2019|x64
		{1DCE2556-069B-45E0-969C-367CA59376E9}.ReleaseLocal 2020|Any CPU.ActiveCfg = ReleaseLocal 2020|x64
		{1DCE2556-069B-45E0-969C-367CA59376E9}.ReleaseLocal 2020|x64.ActiveCfg = ReleaseLocal 2020|x64
		{1DCE2556-069B-45E0-969C-367CA59376E9}.ReleaseLocal 2020|x64.Build.0 = ReleaseLocal 2020|x64
		{1DCE2556-069B-45E0-969C-367CA59376E9}.ReleaseLocal 2021|Any CPU.ActiveCfg = ReleaseLocal 2021|x64
		{1DCE2556-069B-45E0-969C-367CA59376E9}.ReleaseLocal 2021|x64.ActiveCfg = ReleaseLocal 2021|x64
		{1DCE2556-069B-45E0-969C-367CA59376E9}.ReleaseLocal 2021|x64.Build.0 = ReleaseLocal 2021|x64
		{1DCE2556-069B-45E0-969C-367CA59376E9}.ReleaseLocal 2022|Any CPU.ActiveCfg = ReleaseLocal 2021|x64
		{1DCE2556-069B-45E0-969C-367CA59376E9}.ReleaseLocal 2022|x64.ActiveCfg = ReleaseLocal 2022|x64
		{1DCE2556-069B-45E0-969C-367CA59376E9}.ReleaseLocal 2022|x64.Build.0 = ReleaseLocal 2022|x64
		{AC8D2081-ACC4-428A-A1CB-DC86084C5275}.Debug 2019|Any CPU.ActiveCfg = Debug 2019|x64
		{AC8D2081-ACC4-428A-A1CB-DC86084C5275}.Debug 2019|x64.ActiveCfg = Debug 2019|x64
		{AC8D2081-ACC4-428A-A1CB-DC86084C5275}.Debug 2019|x64.Build.0 = Debug 2019|x64
		{AC8D2081-ACC4-428A-A1CB-DC86084C5275}.Debug 2020|Any CPU.ActiveCfg = Debug 2020|x64
		{AC8D2081-ACC4-428A-A1CB-DC86084C5275}.Debug 2020|x64.ActiveCfg = Debug 2020|x64
		{AC8D2081-ACC4-428A-A1CB-DC86084C5275}.Debug 2020|x64.Build.0 = Debug 2020|x64
		{AC8D2081-ACC4-428A-A1CB-DC86084C5275}.Debug 2021|Any CPU.ActiveCfg = Debug 2021|x64
		{AC8D2081-ACC4-428A-A1CB-DC86084C5275}.Debug 2021|x64.ActiveCfg = Debug 2021|x64
		{AC8D2081-ACC4-428A-A1CB-DC86084C5275}.Debug 2021|x64.Build.0 = Debug 2021|x64
		{AC8D2081-ACC4-428A-A1CB-DC86084C5275}.Debug 2022|Any CPU.ActiveCfg = Debug 2021|x64
		{AC8D2081-ACC4-428A-A1CB-DC86084C5275}.Debug 2022|x64.ActiveCfg = Debug 2022|x64
		{AC8D2081-ACC4-428A-A1CB-DC86084C5275}.Debug 2022|x64.Build.0 = Debug 2022|x64
		{AC8D2081-ACC4-428A-A1CB-DC86084C5275}.DebugLocal 2019|Any CPU.ActiveCfg = DebugLocal 2019|x64
		{AC8D2081-ACC4-428A-A1CB-DC86084C5275}.DebugLocal 2019|x64.ActiveCfg = DebugLocal 2019|x64
		{AC8D2081-ACC4-428A-A1CB-DC86084C5275}.DebugLocal 2019|x64.Build.0 = DebugLocal 2019|x64
		{AC8D2081-ACC4-428A-A1CB-DC86084C5275}.DebugLocal 2020|Any CPU.ActiveCfg = DebugLocal 2020|x64
		{AC8D2081-ACC4-428A-A1CB-DC86084C5275}.DebugLocal 2020|x64.ActiveCfg = DebugLocal 2020|x64
		{AC8D2081-ACC4-428A-A1CB-DC86084C5275}.DebugLocal 2020|x64.Build.0 = DebugLocal 2020|x64
		{AC8D2081-ACC4-428A-A1CB-DC86084C5275}.DebugLocal 2021|Any CPU.ActiveCfg = DebugLocal 2021|x64
		{AC8D2081-ACC4-428A-A1CB-DC86084C5275}.DebugLocal 2021|x64.ActiveCfg = DebugLocal 2021|x64
		{AC8D2081-ACC4-428A-A1CB-DC86084C5275}.DebugLocal 2021|x64.Build.0 = DebugLocal 2021|x64
		{AC8D2081-ACC4-428A-A1CB-DC86084C5275}.DebugLocal 2022|Any CPU.ActiveCfg = DebugLocal 2021|x64
		{AC8D2081-ACC4-428A-A1CB-DC86084C5275}.DebugLocal 2022|x64.ActiveCfg = DebugLocal 2022|x64
		{AC8D2081-ACC4-428A-A1CB-DC86084C5275}.DebugLocal 2022|x64.Build.0 = DebugLocal 2022|x64
		{AC8D2081-ACC4-428A-A1CB-DC86084C5275}.Release 2019|Any CPU.ActiveCfg = Release 2019|x64
		{AC8D2081-ACC4-428A-A1CB-DC86084C5275}.Release 2019|x64.ActiveCfg = Release 2019|x64
		{AC8D2081-ACC4-428A-A1CB-DC86084C5275}.Release 2019|x64.Build.0 = Release 2019|x64
		{AC8D2081-ACC4-428A-A1CB-DC86084C5275}.Release 2020|Any CPU.ActiveCfg = Release 2020|x64
		{AC8D2081-ACC4-428A-A1CB-DC86084C5275}.Release 2020|x64.ActiveCfg = Release 2020|x64
		{AC8D2081-ACC4-428A-A1CB-DC86084C5275}.Release 2020|x64.Build.0 = Release 2020|x64
		{AC8D2081-ACC4-428A-A1CB-DC86084C5275}.Release 2021|Any CPU.ActiveCfg = Release 2021|x64
		{AC8D2081-ACC4-428A-A1CB-DC86084C5275}.Release 2021|x64.ActiveCfg = Release 2021|x64
		{AC8D2081-ACC4-428A-A1CB-DC86084C5275}.Release 2021|x64.Build.0 = Release 2021|x64
		{AC8D2081-ACC4-428A-A1CB-DC86084C5275}.Release 2022|Any CPU.ActiveCfg = Release 2021|x64
		{AC8D2081-ACC4-428A-A1CB-DC86084C5275}.Release 2022|x64.ActiveCfg = Release 2022|x64
		{AC8D2081-ACC4-428A-A1CB-DC86084C5275}.Release 2022|x64.Build.0 = Release 2022|x64
		{AC8D2081-ACC4-428A-A1CB-DC86084C5275}.ReleaseLocal 2019|Any CPU.ActiveCfg = ReleaseLocal 2019|x64
		{AC8D2081-ACC4-428A-A1CB-DC86084C5275}.ReleaseLocal 2019|x64.ActiveCfg = ReleaseLocal 2019|x64
		{AC8D2081-ACC4-428A-A1CB-DC86084C5275}.ReleaseLocal 2019|x64.Build.0 = ReleaseLocal 2019|x64
		{AC8D2081-ACC4-428A-A1CB-DC86084C5275}.ReleaseLocal 2020|Any CPU.ActiveCfg = ReleaseLocal 2020|x64
		{AC8D2081-ACC4-428A-A1CB-DC86084C5275}.ReleaseLocal 2020|x64.ActiveCfg = ReleaseLocal 2020|x64
		{AC8D2081-ACC4-428A-A1CB-DC86084C5275}.ReleaseLocal 2020|x64.Build.0 = ReleaseLocal 2020|x64
		{AC8D2081-ACC4-428A-A1CB-DC86084C5275}.ReleaseLocal 2021|Any CPU.ActiveCfg = ReleaseLocal 2021|x64
		{AC8D2081-ACC4-428A-A1CB-DC86084C5275}.ReleaseLocal 2021|x64.ActiveCfg = ReleaseLocal 2021|x64
		{AC8D2081-ACC4-428A-A1CB-DC86084C5275}.ReleaseLocal 2021|x64.Build.0 = ReleaseLocal 2021|x64
		{AC8D2081-ACC4-428A-A1CB-DC86084C5275}.ReleaseLocal 2022|Any CPU.ActiveCfg = ReleaseLocal 2021|x64
		{AC8D2081-ACC4-428A-A1CB-DC86084C5275}.ReleaseLocal 2022|x64.ActiveCfg = ReleaseLocal 2022|x64
		{AC8D2081-ACC4-428A-A1CB-DC86084C5275}.ReleaseLocal 2022|x64.Build.0 = ReleaseLocal 2022|x64
		{B45B4490-1CFB-412E-BCD0-9606290E4777}.Debug 2019|Any CPU.ActiveCfg = Debug 2019|x64
		{B45B4490-1CFB-412E-BCD0-9606290E4777}.Debug 2019|x64.ActiveCfg = Debug 2019|x64
		{B45B4490-1CFB-412E-BCD0-9606290E4777}.Debug 2019|x64.Build.0 = Debug 2019|x64
		{B45B4490-1CFB-412E-BCD0-9606290E4777}.Debug 2020|Any CPU.ActiveCfg = Debug 2020|x64
		{B45B4490-1CFB-412E-BCD0-9606290E4777}.Debug 2020|x64.ActiveCfg = Debug 2020|x64
		{B45B4490-1CFB-412E-BCD0-9606290E4777}.Debug 2020|x64.Build.0 = Debug 2020|x64
		{B45B4490-1CFB-412E-BCD0-9606290E4777}.Debug 2021|Any CPU.ActiveCfg = Debug 2021|x64
		{B45B4490-1CFB-412E-BCD0-9606290E4777}.Debug 2021|x64.ActiveCfg = Debug 2021|x64
		{B45B4490-1CFB-412E-BCD0-9606290E4777}.Debug 2021|x64.Build.0 = Debug 2021|x64
		{B45B4490-1CFB-412E-BCD0-9606290E4777}.Debug 2022|Any CPU.ActiveCfg = Debug 2021|x64
		{B45B4490-1CFB-412E-BCD0-9606290E4777}.Debug 2022|x64.ActiveCfg = Debug 2022|x64
		{B45B4490-1CFB-412E-BCD0-9606290E4777}.Debug 2022|x64.Build.0 = Debug 2022|x64
		{B45B4490-1CFB-412E-BCD0-9606290E4777}.DebugLocal 2019|Any CPU.ActiveCfg = DebugLocal 2019|x64
		{B45B4490-1CFB-412E-BCD0-9606290E4777}.DebugLocal 2019|x64.ActiveCfg = DebugLocal 2019|x64
		{B45B4490-1CFB-412E-BCD0-9606290E4777}.DebugLocal 2019|x64.Build.0 = DebugLocal 2019|x64
		{B45B4490-1CFB-412E-BCD0-9606290E4777}.DebugLocal 2020|Any CPU.ActiveCfg = DebugLocal 2020|x64
		{B45B4490-1CFB-412E-BCD0-9606290E4777}.DebugLocal 2020|x64.ActiveCfg = DebugLocal 2020|x64
		{B45B4490-1CFB-412E-BCD0-9606290E4777}.DebugLocal 2020|x64.Build.0 = DebugLocal 2020|x64
		{B45B4490-1CFB-412E-BCD0-9606290E4777}.DebugLocal 2021|Any CPU.ActiveCfg = DebugLocal 2021|x64
		{B45B4490-1CFB-412E-BCD0-9606290E4777}.DebugLocal 2021|x64.ActiveCfg = DebugLocal 2021|x64
		{B45B4490-1CFB-412E-BCD0-9606290E4777}.DebugLocal 2021|x64.Build.0 = DebugLocal 2021|x64
		{B45B4490-1CFB-412E-BCD0-9606290E4777}.DebugLocal 2022|Any CPU.ActiveCfg = DebugLocal 2021|x64
		{B45B4490-1CFB-412E-BCD0-9606290E4777}.DebugLocal 2022|x64.ActiveCfg = DebugLocal 2022|x64
		{B45B4490-1CFB-412E-BCD0-9606290E4777}.DebugLocal 2022|x64.Build.0 = DebugLocal 2022|x64
		{B45B4490-1CFB-412E-BCD0-9606290E4777}.Release 2019|Any CPU.ActiveCfg = Release 2019|x64
		{B45B4490-1CFB-412E-BCD0-9606290E4777}.Release 2019|x64.ActiveCfg = Release 2019|x64
		{B45B4490-1CFB-412E-BCD0-9606290E4777}.Release 2019|x64.Build.0 = Release 2019|x64
		{B45B4490-1CFB-412E-BCD0-9606290E4777}.Release 2020|Any CPU.ActiveCfg = Release 2020|x64
		{B45B4490-1CFB-412E-BCD0-9606290E4777}.Release 2020|x64.ActiveCfg = Release 2020|x64
		{B45B4490-1CFB-412E-BCD0-9606290E4777}.Release 2020|x64.Build.0 = Release 2020|x64
		{B45B4490-1CFB-412E-BCD0-9606290E4777}.Release 2021|Any CPU.ActiveCfg = Release 2021|x64
		{B45B4490-1CFB-412E-BCD0-9606290E4777}.Release 2021|x64.ActiveCfg = Release 2021|x64
		{B45B4490-1CFB-412E-BCD0-9606290E4777}.Release 2021|x64.Build.0 = Release 2021|x64
		{B45B4490-1CFB-412E-BCD0-9606290E4777}.Release 2022|Any CPU.ActiveCfg = Release 2021|x64
		{B45B4490-1CFB-412E-BCD0-9606290E4777}.Release 2022|x64.ActiveCfg = Release 2022|x64
		{B45B4490-1CFB-412E-BCD0-9606290E4777}.Release 2022|x64.Build.0 = Release 2022|x64
		{B45B4490-1CFB-412E-BCD0-9606290E4777}.ReleaseLocal 2019|Any CPU.ActiveCfg = ReleaseLocal 2019|x64
		{B45B4490-1CFB-412E-BCD0-9606290E4777}.ReleaseLocal 2019|x64.ActiveCfg = ReleaseLocal 2019|x64
		{B45B4490-1CFB-412E-BCD0-9606290E4777}.ReleaseLocal 2019|x64.Build.0 = ReleaseLocal 2019|x64
		{B45B4490-1CFB-412E-BCD0-9606290E4777}.ReleaseLocal 2020|Any CPU.ActiveCfg = ReleaseLocal 2020|x64
		{B45B4490-1CFB-412E-BCD0-9606290E4777}.ReleaseLocal 2020|x64.ActiveCfg = ReleaseLocal 2020|x64
		{B45B4490-1CFB-412E-BCD0-9606290E4777}.ReleaseLocal 2020|x64.Build.0 = ReleaseLocal 2020|x64
		{B45B4490-1CFB-412E-BCD0-9606290E4777}.ReleaseLocal 2021|Any CPU.ActiveCfg = ReleaseLocal 2021|x64
		{B45B4490-1CFB-412E-BCD0-9606290E4777}.ReleaseLocal 2021|x64.ActiveCfg = ReleaseLocal 2021|x64
		{B45B4490-1CFB-412E-BCD0-9606290E4777}.ReleaseLocal 2021|x64.Build.0 = ReleaseLocal 2021|x64
		{B45B4490-1CFB-412E-BCD0-9606290E4777}.ReleaseLocal 2022|Any CPU.ActiveCfg = ReleaseLocal 2021|x64
		{B45B4490-1CFB-412E-BCD0-9606290E4777}.ReleaseLocal 2022|x64.ActiveCfg = ReleaseLocal 2022|x64
		{B45B4490-1CFB-412E-BCD0-9606290E4777}.ReleaseLocal 2022|x64.Build.0 = ReleaseLocal 2022|x64
		{882C08F0-8B71-4E7E-871D-058EECCEB932}.Debug 2019|Any CPU.ActiveCfg = Debug 2019|x64
		{882C08F0-8B71-4E7E-871D-058EECCEB932}.Debug 2019|x64.ActiveCfg = Debug 2019|x64
		{882C08F0-8B71-4E7E-871D-058EECCEB932}.Debug 2019|x64.Build.0 = Debug 2019|x64
		{882C08F0-8B71-4E7E-871D-058EECCEB932}.Debug 2020|Any CPU.ActiveCfg = Debug 2020|x64
		{882C08F0-8B71-4E7E-871D-058EECCEB932}.Debug 2020|x64.ActiveCfg = Debug 2020|x64
		{882C08F0-8B71-4E7E-871D-058EECCEB932}.Debug 2020|x64.Build.0 = Debug 2020|x64
		{882C08F0-8B71-4E7E-871D-058EECCEB932}.Debug 2021|Any CPU.ActiveCfg = Debug 2021|x64
		{882C08F0-8B71-4E7E-871D-058EECCEB932}.Debug 2021|x64.ActiveCfg = Debug 2021|x64
		{882C08F0-8B71-4E7E-871D-058EECCEB932}.Debug 2021|x64.Build.0 = Debug 2021|x64
		{882C08F0-8B71-4E7E-871D-058EECCEB932}.Debug 2022|Any CPU.ActiveCfg = Debug 2021|x64
		{882C08F0-8B71-4E7E-871D-058EECCEB932}.Debug 2022|x64.ActiveCfg = Debug 2022|x64
		{882C08F0-8B71-4E7E-871D-058EECCEB932}.Debug 2022|x64.Build.0 = Debug 2022|x64
		{882C08F0-8B71-4E7E-871D-058EECCEB932}.DebugLocal 2019|Any CPU.ActiveCfg = DebugLocal 2019|x64
		{882C08F0-8B71-4E7E-871D-058EECCEB932}.DebugLocal 2019|x64.ActiveCfg = DebugLocal 2019|x64
		{882C08F0-8B71-4E7E-871D-058EECCEB932}.DebugLocal 2019|x64.Build.0 = DebugLocal 2019|x64
		{882C08F0-8B71-4E7E-871D-058EECCEB932}.DebugLocal 2020|Any CPU.ActiveCfg = DebugLocal 2020|x64
		{882C08F0-8B71-4E7E-871D-058EECCEB932}.DebugLocal 2020|x64.ActiveCfg = DebugLocal 2020|x64
		{882C08F0-8B71-4E7E-871D-058EECCEB932}.DebugLocal 2020|x64.Build.0 = DebugLocal 2020|x64
		{882C08F0-8B71-4E7E-871D-058EECCEB932}.DebugLocal 2021|Any CPU.ActiveCfg = DebugLocal 2021|x64
		{882C08F0-8B71-4E7E-871D-058EECCEB932}.DebugLocal 2021|x64.ActiveCfg = DebugLocal 2021|x64
		{882C08F0-8B71-4E7E-871D-058EECCEB932}.DebugLocal 2021|x64.Build.0 = DebugLocal 2021|x64
		{882C08F0-8B71-4E7E-871D-058EECCEB932}.DebugLocal 2022|Any CPU.ActiveCfg = DebugLocal 2021|x64
		{882C08F0-8B71-4E7E-871D-058EECCEB932}.DebugLocal 2022|x64.ActiveCfg = DebugLocal 2022|x64
		{882C08F0-8B71-4E7E-871D-058EECCEB932}.DebugLocal 2022|x64.Build.0 = DebugLocal 2022|x64
		{882C08F0-8B71-4E7E-871D-058EECCEB932}.Release 2019|Any CPU.ActiveCfg = Release 2019|x64
		{882C08F0-8B71-4E7E-871D-058EECCEB932}.Release 2019|x64.ActiveCfg = Release 2019|x64
		{882C08F0-8B71-4E7E-871D-058EECCEB932}.Release 2019|x64.Build.0 = Release 2019|x64
		{882C08F0-8B71-4E7E-871D-058EECCEB932}.Release 2020|Any CPU.ActiveCfg = Release 2020|x64
		{882C08F0-8B71-4E7E-871D-058EECCEB932}.Release 2020|x64.ActiveCfg = Release 2020|x64
		{882C08F0-8B71-4E7E-871D-058EECCEB932}.Release 2020|x64.Build.0 = Release 2020|x64
		{882C08F0-8B71-4E7E-871D-058EECCEB932}.Release 2021|Any CPU.ActiveCfg = Release 2021|x64
		{882C08F0-8B71-4E7E-871D-058EECCEB932}.Release 2021|x64.ActiveCfg = Release 2021|x64
		{882C08F0-8B71-4E7E-871D-058EECCEB932}.Release 2021|x64.Build.0 = Release 2021|x64
		{882C08F0-8B71-4E7E-871D-058EECCEB932}.Release 2022|Any CPU.ActiveCfg = Release 2021|x64
		{882C08F0-8B71-4E7E-871D-058EECCEB932}.Release 2022|x64.ActiveCfg = Release 2022|x64
		{882C08F0-8B71-4E7E-871D-058EECCEB932}.Release 2022|x64.Build.0 = Release 2022|x64
		{882C08F0-8B71-4E7E-871D-058EECCEB932}.ReleaseLocal 2019|Any CPU.ActiveCfg = ReleaseLocal 2019|x64
		{882C08F0-8B71-4E7E-871D-058EECCEB932}.ReleaseLocal 2019|x64.ActiveCfg = ReleaseLocal 2019|x64
		{882C08F0-8B71-4E7E-871D-058EECCEB932}.ReleaseLocal 2019|x64.Build.0 = ReleaseLocal 2019|x64
		{882C08F0-8B71-4E7E-871D-058EECCEB932}.ReleaseLocal 2020|Any CPU.ActiveCfg = ReleaseLocal 2020|x64
		{882C08F0-8B71-4E7E-871D-058EECCEB932}.ReleaseLocal 2020|x64.ActiveCfg = ReleaseLocal 2020|x64
		{882C08F0-8B71-4E7E-871D-058EECCEB932}.ReleaseLocal 2020|x64.Build.0 = ReleaseLocal 2020|x64
		{882C08F0-8B71-4E7E-871D-058EECCEB932}.ReleaseLocal 2021|Any CPU.ActiveCfg = ReleaseLocal 2021|x64
		{882C08F0-8B71-4E7E-871D-058EECCEB932}.ReleaseLocal 2021|x64.ActiveCfg = ReleaseLocal 2021|x64
		{882C08F0-8B71-4E7E-871D-058EECCEB932}.ReleaseLocal 2021|x64.Build.0 = ReleaseLocal 2021|x64
		{882C08F0-8B71-4E7E-871D-058EECCEB932}.ReleaseLocal 2022|Any CPU.ActiveCfg = ReleaseLocal 2021|x64
		{882C08F0-8B71-4E7E-871D-058EECCEB932}.ReleaseLocal 2022|x64.ActiveCfg = ReleaseLocal 2022|x64
		{882C08F0-8B71-4E7E-871D-058EECCEB932}.ReleaseLocal 2022|x64.Build.0 = ReleaseLocal 2022|x64
		{78666F5B-86D1-4BE3-BF5D-CFDA96BC40DE}.Debug 2019|Any CPU.ActiveCfg = Debug 2019|x64
		{78666F5B-86D1-4BE3-BF5D-CFDA96BC40DE}.Debug 2019|x64.ActiveCfg = Debug 2019|x64
		{78666F5B-86D1-4BE3-BF5D-CFDA96BC40DE}.Debug 2019|x64.Build.0 = Debug 2019|x64
		{78666F5B-86D1-4BE3-BF5D-CFDA96BC40DE}.Debug 2020|Any CPU.ActiveCfg = Debug 2020|x64
		{78666F5B-86D1-4BE3-BF5D-CFDA96BC40DE}.Debug 2020|x64.ActiveCfg = Debug 2020|x64
		{78666F5B-86D1-4BE3-BF5D-CFDA96BC40DE}.Debug 2020|x64.Build.0 = Debug 2020|x64
		{78666F5B-86D1-4BE3-BF5D-CFDA96BC40DE}.Debug 2021|Any CPU.ActiveCfg = Debug 2021|x64
		{78666F5B-86D1-4BE3-BF5D-CFDA96BC40DE}.Debug 2021|x64.ActiveCfg = Debug 2021|x64
		{78666F5B-86D1-4BE3-BF5D-CFDA96BC40DE}.Debug 2021|x64.Build.0 = Debug 2021|x64
		{78666F5B-86D1-4BE3-BF5D-CFDA96BC40DE}.Debug 2022|Any CPU.ActiveCfg = Debug 2021|x64
		{78666F5B-86D1-4BE3-BF5D-CFDA96BC40DE}.Debug 2022|x64.ActiveCfg = Debug 2022|x64
		{78666F5B-86D1-4BE3-BF5D-CFDA96BC40DE}.Debug 2022|x64.Build.0 = Debug 2022|x64
		{78666F5B-86D1-4BE3-BF5D-CFDA96BC40DE}.DebugLocal 2019|Any CPU.ActiveCfg = DebugLocal 2019|x64
		{78666F5B-86D1-4BE3-BF5D-CFDA96BC40DE}.DebugLocal 2019|x64.ActiveCfg = DebugLocal 2019|x64
		{78666F5B-86D1-4BE3-BF5D-CFDA96BC40DE}.DebugLocal 2019|x64.Build.0 = DebugLocal 2019|x64
		{78666F5B-86D1-4BE3-BF5D-CFDA96BC40DE}.DebugLocal 2020|Any CPU.ActiveCfg = DebugLocal 2020|x64
		{78666F5B-86D1-4BE3-BF5D-CFDA96BC40DE}.DebugLocal 2020|x64.ActiveCfg = DebugLocal 2020|x64
		{78666F5B-86D1-4BE3-BF5D-CFDA96BC40DE}.DebugLocal 2020|x64.Build.0 = DebugLocal 2020|x64
		{78666F5B-86D1-4BE3-BF5D-CFDA96BC40DE}.DebugLocal 2021|Any CPU.ActiveCfg = DebugLocal 2021|x64
		{78666F5B-86D1-4BE3-BF5D-CFDA96BC40DE}.DebugLocal 2021|x64.ActiveCfg = DebugLocal 2021|x64
		{78666F5B-86D1-4BE3-BF5D-CFDA96BC40DE}.DebugLocal 2021|x64.Build.0 = DebugLocal 2021|x64
		{78666F5B-86D1-4BE3-BF5D-CFDA96BC40DE}.DebugLocal 2022|Any CPU.ActiveCfg = DebugLocal 2021|x64
		{78666F5B-86D1-4BE3-BF5D-CFDA96BC40DE}.DebugLocal 2022|x64.ActiveCfg = DebugLocal 2022|x64
		{78666F5B-86D1-4BE3-BF5D-CFDA96BC40DE}.DebugLocal 2022|x64.Build.0 = DebugLocal 2022|x64
		{78666F5B-86D1-4BE3-BF5D-CFDA96BC40DE}.Release 2019|Any CPU.ActiveCfg = Release 2019|x64
		{78666F5B-86D1-4BE3-BF5D-CFDA96BC40DE}.Release 2019|x64.ActiveCfg = Release 2019|x64
		{78666F5B-86D1-4BE3-BF5D-CFDA96BC40DE}.Release 2019|x64.Build.0 = Release 2019|x64
		{78666F5B-86D1-4BE3-BF5D-CFDA96BC40DE}.Release 2020|Any CPU.ActiveCfg = Release 2020|x64
		{78666F5B-86D1-4BE3-BF5D-CFDA96BC40DE}.Release 2020|x64.ActiveCfg = Release 2020|x64
		{78666F5B-86D1-4BE3-BF5D-CFDA96BC40DE}.Release 2020|x64.Build.0 = Release 2020|x64
		{78666F5B-86D1-4BE3-BF5D-CFDA96BC40DE}.Release 2021|Any CPU.ActiveCfg = Release 2021|x64
		{78666F5B-86D1-4BE3-BF5D-CFDA96BC40DE}.Release 2021|x64.ActiveCfg = Release 2021|x64
		{78666F5B-86D1-4BE3-BF5D-CFDA96BC40DE}.Release 2021|x64.Build.0 = Release 2021|x64
		{78666F5B-86D1-4BE3-BF5D-CFDA96BC40DE}.Release 2022|Any CPU.ActiveCfg = Release 2021|x64
		{78666F5B-86D1-4BE3-BF5D-CFDA96BC40DE}.Release 2022|x64.ActiveCfg = Release 2022|x64
		{78666F5B-86D1-4BE3-BF5D-CFDA96BC40DE}.Release 2022|x64.Build.0 = Release 2022|x64
		{78666F5B-86D1-4BE3-BF5D-CFDA96BC40DE}.ReleaseLocal 2019|Any CPU.ActiveCfg = ReleaseLocal 2019|x64
		{78666F5B-86D1-4BE3-BF5D-CFDA96BC40DE}.ReleaseLocal 2019|x64.ActiveCfg = ReleaseLocal 2019|x64
		{78666F5B-86D1-4BE3-BF5D-CFDA96BC40DE}.ReleaseLocal 2019|x64.Build.0 = ReleaseLocal 2019|x64
		{78666F5B-86D1-4BE3-BF5D-CFDA96BC40DE}.ReleaseLocal 2020|Any CPU.ActiveCfg = ReleaseLocal 2020|x64
		{78666F5B-86D1-4BE3-BF5D-CFDA96BC40DE}.ReleaseLocal 2020|x64.ActiveCfg = ReleaseLocal 2020|x64
		{78666F5B-86D1-4BE3-BF5D-CFDA96BC40DE}.ReleaseLocal 2020|x64.Build.0 = ReleaseLocal 2020|x64
		{78666F5B-86D1-4BE3-BF5D-CFDA96BC40DE}.ReleaseLocal 2021|Any CPU.ActiveCfg = ReleaseLocal 2021|x64
		{78666F5B-86D1-4BE3-BF5D-CFDA96BC40DE}.ReleaseLocal 2021|x64.ActiveCfg = ReleaseLocal 2021|x64
		{78666F5B-86D1-4BE3-BF5D-CFDA96BC40DE}.ReleaseLocal 2021|x64.Build.0 = ReleaseLocal 2021|x64
		{78666F5B-86D1-4BE3-BF5D-CFDA96BC40DE}.ReleaseLocal 2022|Any CPU.ActiveCfg = ReleaseLocal 2021|x64
		{78666F5B-86D1-4BE3-BF5D-CFDA96BC40DE}.ReleaseLocal 2022|x64.ActiveCfg = ReleaseLocal 2022|x64
		{78666F5B-86D1-4BE3-BF5D-CFDA96BC40DE}.ReleaseLocal 2022|x64.Build.0 = ReleaseLocal 2022|x64
		{1A35A2DF-1176-4C8A-99BB-15A200369EC6}.Debug 2019|Any CPU.ActiveCfg = Release|x64
		{1A35A2DF-1176-4C8A-99BB-15A200369EC6}.Debug 2019|Any CPU.Build.0 = Release|x64
		{1A35A2DF-1176-4C8A-99BB-15A200369EC6}.Debug 2019|x64.ActiveCfg = Debug|x64
		{1A35A2DF-1176-4C8A-99BB-15A200369EC6}.Debug 2020|Any CPU.ActiveCfg = Release|x64
		{1A35A2DF-1176-4C8A-99BB-15A200369EC6}.Debug 2020|Any CPU.Build.0 = Release|x64
		{1A35A2DF-1176-4C8A-99BB-15A200369EC6}.Debug 2020|x64.ActiveCfg = Debug|x64
		{1A35A2DF-1176-4C8A-99BB-15A200369EC6}.Debug 2021|Any CPU.ActiveCfg = Release|x64
		{1A35A2DF-1176-4C8A-99BB-15A200369EC6}.Debug 2021|Any CPU.Build.0 = Release|x64
		{1A35A2DF-1176-4C8A-99BB-15A200369EC6}.Debug 2021|x64.ActiveCfg = Debug|x64
		{1A35A2DF-1176-4C8A-99BB-15A200369EC6}.Debug 2022|Any CPU.ActiveCfg = Release|x64
		{1A35A2DF-1176-4C8A-99BB-15A200369EC6}.Debug 2022|Any CPU.Build.0 = Release|x64
		{1A35A2DF-1176-4C8A-99BB-15A200369EC6}.Debug 2022|x64.ActiveCfg = Debug|x64
		{1A35A2DF-1176-4C8A-99BB-15A200369EC6}.DebugLocal 2019|Any CPU.ActiveCfg = Release|x64
		{1A35A2DF-1176-4C8A-99BB-15A200369EC6}.DebugLocal 2019|Any CPU.Build.0 = Release|x64
		{1A35A2DF-1176-4C8A-99BB-15A200369EC6}.DebugLocal 2019|x64.ActiveCfg = DebugLocal|x64
		{1A35A2DF-1176-4C8A-99BB-15A200369EC6}.DebugLocal 2019|x64.Build.0 = DebugLocal|x64
		{1A35A2DF-1176-4C8A-99BB-15A200369EC6}.DebugLocal 2020|Any CPU.ActiveCfg = Release|x64
		{1A35A2DF-1176-4C8A-99BB-15A200369EC6}.DebugLocal 2020|Any CPU.Build.0 = Release|x64
		{1A35A2DF-1176-4C8A-99BB-15A200369EC6}.DebugLocal 2020|x64.ActiveCfg = DebugLocal|x64
		{1A35A2DF-1176-4C8A-99BB-15A200369EC6}.DebugLocal 2020|x64.Build.0 = DebugLocal|x64
		{1A35A2DF-1176-4C8A-99BB-15A200369EC6}.DebugLocal 2021|Any CPU.ActiveCfg = Release|x64
		{1A35A2DF-1176-4C8A-99BB-15A200369EC6}.DebugLocal 2021|Any CPU.Build.0 = Release|x64
		{1A35A2DF-1176-4C8A-99BB-15A200369EC6}.DebugLocal 2021|x64.ActiveCfg = DebugLocal|x64
		{1A35A2DF-1176-4C8A-99BB-15A200369EC6}.DebugLocal 2021|x64.Build.0 = DebugLocal|x64
		{1A35A2DF-1176-4C8A-99BB-15A200369EC6}.DebugLocal 2022|Any CPU.ActiveCfg = Release|x64
		{1A35A2DF-1176-4C8A-99BB-15A200369EC6}.DebugLocal 2022|Any CPU.Build.0 = Release|x64
		{1A35A2DF-1176-4C8A-99BB-15A200369EC6}.DebugLocal 2022|x64.ActiveCfg = DebugLocal|x64
		{1A35A2DF-1176-4C8A-99BB-15A200369EC6}.DebugLocal 2022|x64.Build.0 = DebugLocal|x64
		{1A35A2DF-1176-4C8A-99BB-15A200369EC6}.Release 2019|Any CPU.ActiveCfg = Release|x64
		{1A35A2DF-1176-4C8A-99BB-15A200369EC6}.Release 2019|Any CPU.Build.0 = Release|x64
		{1A35A2DF-1176-4C8A-99BB-15A200369EC6}.Release 2019|x64.ActiveCfg = ReleaseLocal|x64
		{1A35A2DF-1176-4C8A-99BB-15A200369EC6}.Release 2020|Any CPU.ActiveCfg = Release|x64
		{1A35A2DF-1176-4C8A-99BB-15A200369EC6}.Release 2020|Any CPU.Build.0 = Release|x64
		{1A35A2DF-1176-4C8A-99BB-15A200369EC6}.Release 2020|x64.ActiveCfg = Release|x64
		{1A35A2DF-1176-4C8A-99BB-15A200369EC6}.Release 2021|Any CPU.ActiveCfg = Release|x64
		{1A35A2DF-1176-4C8A-99BB-15A200369EC6}.Release 2021|Any CPU.Build.0 = Release|x64
		{1A35A2DF-1176-4C8A-99BB-15A200369EC6}.Release 2021|x64.ActiveCfg = Release|x64
		{1A35A2DF-1176-4C8A-99BB-15A200369EC6}.Release 2022|Any CPU.ActiveCfg = Release|x64
		{1A35A2DF-1176-4C8A-99BB-15A200369EC6}.Release 2022|Any CPU.Build.0 = Release|x64
		{1A35A2DF-1176-4C8A-99BB-15A200369EC6}.Release 2022|x64.ActiveCfg = Release|x64
		{1A35A2DF-1176-4C8A-99BB-15A200369EC6}.ReleaseLocal 2019|Any CPU.ActiveCfg = Release|x64
		{1A35A2DF-1176-4C8A-99BB-15A200369EC6}.ReleaseLocal 2019|Any CPU.Build.0 = Release|x64
		{1A35A2DF-1176-4C8A-99BB-15A200369EC6}.ReleaseLocal 2019|x64.ActiveCfg = ReleaseLocal|x64
		{1A35A2DF-1176-4C8A-99BB-15A200369EC6}.ReleaseLocal 2019|x64.Build.0 = ReleaseLocal|x64
		{1A35A2DF-1176-4C8A-99BB-15A200369EC6}.ReleaseLocal 2020|Any CPU.ActiveCfg = Release|x64
		{1A35A2DF-1176-4C8A-99BB-15A200369EC6}.ReleaseLocal 2020|Any CPU.Build.0 = Release|x64
		{1A35A2DF-1176-4C8A-99BB-15A200369EC6}.ReleaseLocal 2020|x64.ActiveCfg = ReleaseLocal|x64
		{1A35A2DF-1176-4C8A-99BB-15A200369EC6}.ReleaseLocal 2020|x64.Build.0 = ReleaseLocal|x64
		{1A35A2DF-1176-4C8A-99BB-15A200369EC6}.ReleaseLocal 2021|Any CPU.ActiveCfg = Release|x64
		{1A35A2DF-1176-4C8A-99BB-15A200369EC6}.ReleaseLocal 2021|Any CPU.Build.0 = Release|x64
		{1A35A2DF-1176-4C8A-99BB-15A200369EC6}.ReleaseLocal 2021|x64.ActiveCfg = ReleaseLocal|x64
		{1A35A2DF-1176-4C8A-99BB-15A200369EC6}.ReleaseLocal 2021|x64.Build.0 = ReleaseLocal|x64
		{1A35A2DF-1176-4C8A-99BB-15A200369EC6}.ReleaseLocal 2022|Any CPU.ActiveCfg = Release|x64
		{1A35A2DF-1176-4C8A-99BB-15A200369EC6}.ReleaseLocal 2022|Any CPU.Build.0 = Release|x64
		{1A35A2DF-1176-4C8A-99BB-15A200369EC6}.ReleaseLocal 2022|x64.ActiveCfg = ReleaseLocal|x64
		{A3BFA507-A2C4-4C33-943B-6083133EE63C}.Debug 2019|Any CPU.ActiveCfg = Debug 2019|x64
		{A3BFA507-A2C4-4C33-943B-6083133EE63C}.Debug 2019|x64.ActiveCfg = Debug 2019|x64
		{A3BFA507-A2C4-4C33-943B-6083133EE63C}.Debug 2020|Any CPU.ActiveCfg = Debug 2020|x64
		{A3BFA507-A2C4-4C33-943B-6083133EE63C}.Debug 2020|x64.ActiveCfg = Debug 2020|x64
		{A3BFA507-A2C4-4C33-943B-6083133EE63C}.Debug 2021|Any CPU.ActiveCfg = Debug 2021|x64
		{A3BFA507-A2C4-4C33-943B-6083133EE63C}.Debug 2021|x64.ActiveCfg = Debug 2021|x64
		{A3BFA507-A2C4-4C33-943B-6083133EE63C}.Debug 2022|Any CPU.ActiveCfg = Debug 2021|x64
		{A3BFA507-A2C4-4C33-943B-6083133EE63C}.Debug 2022|x64.ActiveCfg = Debug 2022|x64
		{A3BFA507-A2C4-4C33-943B-6083133EE63C}.DebugLocal 2019|Any CPU.ActiveCfg = DebugLocal 2019|x64
		{A3BFA507-A2C4-4C33-943B-6083133EE63C}.DebugLocal 2019|x64.ActiveCfg = DebugLocal 2019|x64
		{A3BFA507-A2C4-4C33-943B-6083133EE63C}.DebugLocal 2019|x64.Build.0 = DebugLocal 2019|x64
		{A3BFA507-A2C4-4C33-943B-6083133EE63C}.DebugLocal 2020|Any CPU.ActiveCfg = DebugLocal 2020|x64
		{A3BFA507-A2C4-4C33-943B-6083133EE63C}.DebugLocal 2020|x64.ActiveCfg = DebugLocal 2020|x64
		{A3BFA507-A2C4-4C33-943B-6083133EE63C}.DebugLocal 2020|x64.Build.0 = DebugLocal 2020|x64
		{A3BFA507-A2C4-4C33-943B-6083133EE63C}.DebugLocal 2021|Any CPU.ActiveCfg = DebugLocal 2021|x64
		{A3BFA507-A2C4-4C33-943B-6083133EE63C}.DebugLocal 2021|x64.ActiveCfg = DebugLocal 2021|x64
		{A3BFA507-A2C4-4C33-943B-6083133EE63C}.DebugLocal 2021|x64.Build.0 = DebugLocal 2021|x64
		{A3BFA507-A2C4-4C33-943B-6083133EE63C}.DebugLocal 2022|Any CPU.ActiveCfg = DebugLocal 2021|x64
		{A3BFA507-A2C4-4C33-943B-6083133EE63C}.DebugLocal 2022|x64.ActiveCfg = DebugLocal 2022|x64
		{A3BFA507-A2C4-4C33-943B-6083133EE63C}.DebugLocal 2022|x64.Build.0 = DebugLocal 2022|x64
		{A3BFA507-A2C4-4C33-943B-6083133EE63C}.Release 2019|Any CPU.ActiveCfg = Release 2019|x64
		{A3BFA507-A2C4-4C33-943B-6083133EE63C}.Release 2019|x64.ActiveCfg = Release 2019|x64
		{A3BFA507-A2C4-4C33-943B-6083133EE63C}.Release 2020|Any CPU.ActiveCfg = Release 2020|x64
		{A3BFA507-A2C4-4C33-943B-6083133EE63C}.Release 2020|x64.ActiveCfg = Release 2020|x64
		{A3BFA507-A2C4-4C33-943B-6083133EE63C}.Release 2021|Any CPU.ActiveCfg = Release 2021|x64
		{A3BFA507-A2C4-4C33-943B-6083133EE63C}.Release 2021|x64.ActiveCfg = Release 2021|x64
		{A3BFA507-A2C4-4C33-943B-6083133EE63C}.Release 2022|Any CPU.ActiveCfg = Release 2021|x64
		{A3BFA507-A2C4-4C33-943B-6083133EE63C}.Release 2022|x64.ActiveCfg = Release 2022|x64
		{A3BFA507-A2C4-4C33-943B-6083133EE63C}.ReleaseLocal 2019|Any CPU.ActiveCfg = ReleaseLocal 2019|x64
		{A3BFA507-A2C4-4C33-943B-6083133EE63C}.ReleaseLocal 2019|x64.ActiveCfg = ReleaseLocal 2019|x64
		{A3BFA507-A2C4-4C33-943B-6083133EE63C}.ReleaseLocal 2019|x64.Build.0 = ReleaseLocal 2019|x64
		{A3BFA507-A2C4-4C33-943B-6083133EE63C}.ReleaseLocal 2020|Any CPU.ActiveCfg = ReleaseLocal 2020|x64
		{A3BFA507-A2C4-4C33-943B-6083133EE63C}.ReleaseLocal 2020|x64.ActiveCfg = ReleaseLocal 2020|x64
		{A3BFA507-A2C4-4C33-943B-6083133EE63C}.ReleaseLocal 2020|x64.Build.0 = ReleaseLocal 2020|x64
		{A3BFA507-A2C4-4C33-943B-6083133EE63C}.ReleaseLocal 2021|Any CPU.ActiveCfg = ReleaseLocal 2021|x64
		{A3BFA507-A2C4-4C33-943B-6083133EE63C}.ReleaseLocal 2021|x64.ActiveCfg = ReleaseLocal 2021|x64
		{A3BFA507-A2C4-4C33-943B-6083133EE63C}.ReleaseLocal 2021|x64.Build.0 = ReleaseLocal 2021|x64
		{A3BFA507-A2C4-4C33-943B-6083133EE63C}.ReleaseLocal 2022|Any CPU.ActiveCfg = ReleaseLocal 2021|x64
		{A3BFA507-A2C4-4C33-943B-6083133EE63C}.ReleaseLocal 2022|x64.ActiveCfg = ReleaseLocal 2022|x64
		{AB4F7F3A-68FA-47FF-98E1-77EC9B6E1860}.Debug 2019|Any CPU.ActiveCfg = Debug|Any CPU
		{AB4F7F3A-68FA-47FF-98E1-77EC9B6E1860}.Debug 2019|Any CPU.Build.0 = Debug|Any CPU
		{AB4F7F3A-68FA-47FF-98E1-77EC9B6E1860}.Debug 2019|x64.ActiveCfg = Debug|Any CPU
		{AB4F7F3A-68FA-47FF-98E1-77EC9B6E1860}.Debug 2019|x64.Build.0 = Debug|Any CPU
		{AB4F7F3A-68FA-47FF-98E1-77EC9B6E1860}.Debug 2020|Any CPU.ActiveCfg = Debug|Any CPU
		{AB4F7F3A-68FA-47FF-98E1-77EC9B6E1860}.Debug 2020|Any CPU.Build.0 = Debug|Any CPU
		{AB4F7F3A-68FA-47FF-98E1-77EC9B6E1860}.Debug 2020|x64.ActiveCfg = Debug|Any CPU
		{AB4F7F3A-68FA-47FF-98E1-77EC9B6E1860}.Debug 2020|x64.Build.0 = Debug|Any CPU
		{AB4F7F3A-68FA-47FF-98E1-77EC9B6E1860}.Debug 2021|Any CPU.ActiveCfg = Debug|Any CPU
		{AB4F7F3A-68FA-47FF-98E1-77EC9B6E1860}.Debug 2021|Any CPU.Build.0 = Debug|Any CPU
		{AB4F7F3A-68FA-47FF-98E1-77EC9B6E1860}.Debug 2021|x64.ActiveCfg = Debug|Any CPU
		{AB4F7F3A-68FA-47FF-98E1-77EC9B6E1860}.Debug 2021|x64.Build.0 = Debug|Any CPU
		{AB4F7F3A-68FA-47FF-98E1-77EC9B6E1860}.Debug 2022|Any CPU.ActiveCfg = Debug|Any CPU
		{AB4F7F3A-68FA-47FF-98E1-77EC9B6E1860}.Debug 2022|Any CPU.Build.0 = Debug|Any CPU
		{AB4F7F3A-68FA-47FF-98E1-77EC9B6E1860}.Debug 2022|x64.ActiveCfg = Debug|Any CPU
		{AB4F7F3A-68FA-47FF-98E1-77EC9B6E1860}.Debug 2022|x64.Build.0 = Debug|Any CPU
		{AB4F7F3A-68FA-47FF-98E1-77EC9B6E1860}.DebugLocal 2019|Any CPU.ActiveCfg = Debug|Any CPU
		{AB4F7F3A-68FA-47FF-98E1-77EC9B6E1860}.DebugLocal 2019|Any CPU.Build.0 = Debug|Any CPU
		{AB4F7F3A-68FA-47FF-98E1-77EC9B6E1860}.DebugLocal 2019|x64.ActiveCfg = Debug|Any CPU
		{AB4F7F3A-68FA-47FF-98E1-77EC9B6E1860}.DebugLocal 2019|x64.Build.0 = Debug|Any CPU
		{AB4F7F3A-68FA-47FF-98E1-77EC9B6E1860}.DebugLocal 2020|Any CPU.ActiveCfg = Debug|Any CPU
		{AB4F7F3A-68FA-47FF-98E1-77EC9B6E1860}.DebugLocal 2020|Any CPU.Build.0 = Debug|Any CPU
		{AB4F7F3A-68FA-47FF-98E1-77EC9B6E1860}.DebugLocal 2020|x64.ActiveCfg = Debug|Any CPU
		{AB4F7F3A-68FA-47FF-98E1-77EC9B6E1860}.DebugLocal 2020|x64.Build.0 = Debug|Any CPU
		{AB4F7F3A-68FA-47FF-98E1-77EC9B6E1860}.DebugLocal 2021|Any CPU.ActiveCfg = Debug|Any CPU
		{AB4F7F3A-68FA-47FF-98E1-77EC9B6E1860}.DebugLocal 2021|Any CPU.Build.0 = Debug|Any CPU
		{AB4F7F3A-68FA-47FF-98E1-77EC9B6E1860}.DebugLocal 2021|x64.ActiveCfg = Debug|Any CPU
		{AB4F7F3A-68FA-47FF-98E1-77EC9B6E1860}.DebugLocal 2021|x64.Build.0 = Debug|Any CPU
		{AB4F7F3A-68FA-47FF-98E1-77EC9B6E1860}.DebugLocal 2022|Any CPU.ActiveCfg = Debug|Any CPU
		{AB4F7F3A-68FA-47FF-98E1-77EC9B6E1860}.DebugLocal 2022|Any CPU.Build.0 = Debug|Any CPU
		{AB4F7F3A-68FA-47FF-98E1-77EC9B6E1860}.DebugLocal 2022|x64.ActiveCfg = Debug|Any CPU
		{AB4F7F3A-68FA-47FF-98E1-77EC9B6E1860}.DebugLocal 2022|x64.Build.0 = Debug|Any CPU
		{AB4F7F3A-68FA-47FF-98E1-77EC9B6E1860}.Release 2019|Any CPU.ActiveCfg = Release|Any CPU
		{AB4F7F3A-68FA-47FF-98E1-77EC9B6E1860}.Release 2019|Any CPU.Build.0 = Release|Any CPU
		{AB4F7F3A-68FA-47FF-98E1-77EC9B6E1860}.Release 2019|x64.ActiveCfg = Release|Any CPU
		{AB4F7F3A-68FA-47FF-98E1-77EC9B6E1860}.Release 2019|x64.Build.0 = Release|Any CPU
		{AB4F7F3A-68FA-47FF-98E1-77EC9B6E1860}.Release 2020|Any CPU.ActiveCfg = Release|Any CPU
		{AB4F7F3A-68FA-47FF-98E1-77EC9B6E1860}.Release 2020|Any CPU.Build.0 = Release|Any CPU
		{AB4F7F3A-68FA-47FF-98E1-77EC9B6E1860}.Release 2020|x64.ActiveCfg = Release|Any CPU
		{AB4F7F3A-68FA-47FF-98E1-77EC9B6E1860}.Release 2020|x64.Build.0 = Release|Any CPU
		{AB4F7F3A-68FA-47FF-98E1-77EC9B6E1860}.Release 2021|Any CPU.ActiveCfg = Release|Any CPU
		{AB4F7F3A-68FA-47FF-98E1-77EC9B6E1860}.Release 2021|Any CPU.Build.0 = Release|Any CPU
		{AB4F7F3A-68FA-47FF-98E1-77EC9B6E1860}.Release 2021|x64.ActiveCfg = Release|Any CPU
		{AB4F7F3A-68FA-47FF-98E1-77EC9B6E1860}.Release 2021|x64.Build.0 = Release|Any CPU
		{AB4F7F3A-68FA-47FF-98E1-77EC9B6E1860}.Release 2022|Any CPU.ActiveCfg = Release|Any CPU
		{AB4F7F3A-68FA-47FF-98E1-77EC9B6E1860}.Release 2022|Any CPU.Build.0 = Release|Any CPU
		{AB4F7F3A-68FA-47FF-98E1-77EC9B6E1860}.Release 2022|x64.ActiveCfg = Release|Any CPU
		{AB4F7F3A-68FA-47FF-98E1-77EC9B6E1860}.Release 2022|x64.Build.0 = Release|Any CPU
		{AB4F7F3A-68FA-47FF-98E1-77EC9B6E1860}.ReleaseLocal 2019|Any CPU.ActiveCfg = Release|Any CPU
		{AB4F7F3A-68FA-47FF-98E1-77EC9B6E1860}.ReleaseLocal 2019|Any CPU.Build.0 = Release|Any CPU
		{AB4F7F3A-68FA-47FF-98E1-77EC9B6E1860}.ReleaseLocal 2019|x64.ActiveCfg = Release|Any CPU
		{AB4F7F3A-68FA-47FF-98E1-77EC9B6E1860}.ReleaseLocal 2019|x64.Build.0 = Release|Any CPU
		{AB4F7F3A-68FA-47FF-98E1-77EC9B6E1860}.ReleaseLocal 2020|Any CPU.ActiveCfg = Release|Any CPU
		{AB4F7F3A-68FA-47FF-98E1-77EC9B6E1860}.ReleaseLocal 2020|Any CPU.Build.0 = Release|Any CPU
		{AB4F7F3A-68FA-47FF-98E1-77EC9B6E1860}.ReleaseLocal 2020|x64.ActiveCfg = Release|Any CPU
		{AB4F7F3A-68FA-47FF-98E1-77EC9B6E1860}.ReleaseLocal 2020|x64.Build.0 = Release|Any CPU
		{AB4F7F3A-68FA-47FF-98E1-77EC9B6E1860}.ReleaseLocal 2021|Any CPU.ActiveCfg = Release|Any CPU
		{AB4F7F3A-68FA-47FF-98E1-77EC9B6E1860}.ReleaseLocal 2021|Any CPU.Build.0 = Release|Any CPU
		{AB4F7F3A-68FA-47FF-98E1-77EC9B6E1860}.ReleaseLocal 2021|x64.ActiveCfg = Release|Any CPU
		{AB4F7F3A-68FA-47FF-98E1-77EC9B6E1860}.ReleaseLocal 2021|x64.Build.0 = Release|Any CPU
		{AB4F7F3A-68FA-47FF-98E1-77EC9B6E1860}.ReleaseLocal 2022|Any CPU.ActiveCfg = Release|Any CPU
		{AB4F7F3A-68FA-47FF-98E1-77EC9B6E1860}.ReleaseLocal 2022|Any CPU.Build.0 = Release|Any CPU
		{AB4F7F3A-68FA-47FF-98E1-77EC9B6E1860}.ReleaseLocal 2022|x64.ActiveCfg = Release|Any CPU
		{AB4F7F3A-68FA-47FF-98E1-77EC9B6E1860}.ReleaseLocal 2022|x64.Build.0 = Release|Any CPU
	EndGlobalSection
	GlobalSection(SolutionProperties) = preSolution
		HideSolutionNode = FALSE
	EndGlobalSection
	GlobalSection(NestedProjects) = preSolution
		{1A35A2DF-1176-4C8A-99BB-15A200369EC6} = {C14B1CB7-640A-432B-8437-E450E84DB07F}
		{A3BFA507-A2C4-4C33-943B-6083133EE63C} = {C14B1CB7-640A-432B-8437-E450E84DB07F}
		{AB4F7F3A-68FA-47FF-98E1-77EC9B6E1860} = {C14B1CB7-640A-432B-8437-E450E84DB07F}
	EndGlobalSection
	GlobalSection(ExtensibilityGlobals) = postSolution
		SolutionGuid = {1C5626CF-6CFF-4CBE-B01C-501AA87B17BB}
	EndGlobalSection
EndGlobal
