
Microsoft Visual Studio Solution File, Format Version 12.00
# Visual Studio Version 16
VisualStudioVersion = 16.0.29403.142
MinimumVisualStudioVersion = 10.0.40219.1
Project("{FAE04EC0-301F-11D3-BF4B-00C04F79EFBC}") = "StructuresObjectModel", "Structures\StructuresObjectModel.csproj", "{ADA84B10-90AB-4AD2-9F7C-FDFD362AC7CA}"
EndProject
Project("{FAE04EC0-301F-11D3-BF4B-00C04F79EFBC}") = "HighwaysObjectModel", "Highways\HighwaysObjectModel.csproj", "{D90B155A-A8A5-4BF2-8913-2BA3D3B9976D}"
EndProject
Project("{FAE04EC0-301F-11D3-BF4B-00C04F79EFBC}") = "DocumentManagementObjectModel", "DocumentManagement\DocumentManagementObjectModel.csproj", "{1DCE2556-069B-45E0-969C-367CA59376E9}"
EndProject
Project("{FAE04EC0-301F-11D3-BF4B-00C04F79EFBC}") = "StructuresObjectModelTests", "StructuresTests\StructuresObjectModelTests.csproj", "{AC8D2081-ACC4-428A-A1CB-DC86084C5275}"
EndProject
Project("{FAE04EC0-301F-11D3-BF4B-00C04F79EFBC}") = "HighwaysObjectModelTests", "HighwaysTests\HighwaysObjectModelTests.csproj", "{9AE5F9F7-A8DD-4543-BB89-9330BB282AD1}"
EndProject
Project("{FAE04EC0-301F-11D3-BF4B-00C04F79EFBC}") = "DrainageObjectModel", "Drainage\DrainageObjectModel.csproj", "{94D84ABE-06AE-488C-8574-7B2A050FB8F4}"
EndProject
Project("{FAE04EC0-301F-11D3-BF4B-00C04F79EFBC}") = "DrainageObjectModelTests", "DrainageTests\DrainageObjectModelTests.csproj", "{80EA8689-F13E-44E5-B24A-3E3C15BF8893}"
EndProject
Project("{FAE04EC0-301F-11D3-BF4B-00C04F79EFBC}") = "HousingObjectModel", "HousingObjectModel\HousingObjectModel.csproj", "{B45B4490-1CFB-412E-BCD0-9606290E4777}"
EndProject
Project("{FAE04EC0-301F-11D3-BF4B-00C04F79EFBC}") = "HousingObjectModelTests", "HousingObjectModelTests\HousingObjectModelTests.csproj", "{882C08F0-8B71-4E7E-871D-058EECCEB932}"
EndProject
Global
	GlobalSection(SolutionConfigurationPlatforms) = preSolution
		Debug|x64 = Debug|x64
		Release|x64 = Release|x64
	EndGlobalSection
	GlobalSection(ProjectConfigurationPlatforms) = postSolution
		{ADA84B10-90AB-4AD2-9F7C-FDFD362AC7CA}.Debug|x64.ActiveCfg = Debug|x64
		{ADA84B10-90AB-4AD2-9F7C-FDFD362AC7CA}.Debug|x64.Build.0 = Debug|x64
		{ADA84B10-90AB-4AD2-9F7C-FDFD362AC7CA}.Release|x64.ActiveCfg = Release|x64
		{ADA84B10-90AB-4AD2-9F7C-FDFD362AC7CA}.Release|x64.Build.0 = Release|x64
		{D90B155A-A8A5-4BF2-8913-2BA3D3B9976D}.Debug|x64.ActiveCfg = Debug|x64
		{D90B155A-A8A5-4BF2-8913-2BA3D3B9976D}.Debug|x64.Build.0 = Debug|x64
		{D90B155A-A8A5-4BF2-8913-2BA3D3B9976D}.Release|x64.ActiveCfg = Release|x64
		{D90B155A-A8A5-4BF2-8913-2BA3D3B9976D}.Release|x64.Build.0 = Release|x64
		{1DCE2556-069B-45E0-969C-367CA59376E9}.Debug|x64.ActiveCfg = Debug|x64
		{1DCE2556-069B-45E0-969C-367CA59376E9}.Debug|x64.Build.0 = Debug|x64
		{1DCE2556-069B-45E0-969C-367CA59376E9}.Release|x64.ActiveCfg = Release|x64
		{1DCE2556-069B-45E0-969C-367CA59376E9}.Release|x64.Build.0 = Release|x64
		{AC8D2081-ACC4-428A-A1CB-DC86084C5275}.Debug|x64.ActiveCfg = Debug|x64
		{AC8D2081-ACC4-428A-A1CB-DC86084C5275}.Debug|x64.Build.0 = Debug|x64
		{AC8D2081-ACC4-428A-A1CB-DC86084C5275}.Release|x64.ActiveCfg = Release|x64
		{AC8D2081-ACC4-428A-A1CB-DC86084C5275}.Release|x64.Build.0 = Release|x64
		{9AE5F9F7-A8DD-4543-BB89-9330BB282AD1}.Debug|x64.ActiveCfg = Debug|x64
		{9AE5F9F7-A8DD-4543-BB89-9330BB282AD1}.Debug|x64.Build.0 = Debug|x64
		{9AE5F9F7-A8DD-4543-BB89-9330BB282AD1}.Release|x64.ActiveCfg = Release|x64
		{9AE5F9F7-A8DD-4543-BB89-9330BB282AD1}.Release|x64.Build.0 = Release|x64
		{94D84ABE-06AE-488C-8574-7B2A050FB8F4}.Debug|x64.ActiveCfg = Debug|x64
		{94D84ABE-06AE-488C-8574-7B2A050FB8F4}.Debug|x64.Build.0 = Debug|x64
		{94D84ABE-06AE-488C-8574-7B2A050FB8F4}.Release|x64.ActiveCfg = Release|x64
		{94D84ABE-06AE-488C-8574-7B2A050FB8F4}.Release|x64.Build.0 = Release|x64
		{80EA8689-F13E-44E5-B24A-3E3C15BF8893}.Debug|x64.ActiveCfg = Debug|x64
		{80EA8689-F13E-44E5-B24A-3E3C15BF8893}.Debug|x64.Build.0 = Debug|x64
		{80EA8689-F13E-44E5-B24A-3E3C15BF8893}.Release|x64.ActiveCfg = Release|x64
		{80EA8689-F13E-44E5-B24A-3E3C15BF8893}.Release|x64.Build.0 = Release|x64
		{B45B4490-1CFB-412E-BCD0-9606290E4777}.Debug|x64.ActiveCfg = Debug|x64
		{B45B4490-1CFB-412E-BCD0-9606290E4777}.Debug|x64.Build.0 = Debug|x64
		{B45B4490-1CFB-412E-BCD0-9606290E4777}.Release|x64.ActiveCfg = Release|x64
		{B45B4490-1CFB-412E-BCD0-9606290E4777}.Release|x64.Build.0 = Release|x64
		{882C08F0-8B71-4E7E-871D-058EECCEB932}.Debug|x64.ActiveCfg = Debug|x64
		{882C08F0-8B71-4E7E-871D-058EECCEB932}.Debug|x64.Build.0 = Debug|x64
		{882C08F0-8B71-4E7E-871D-058EECCEB932}.Release|x64.ActiveCfg = Release|x64
		{882C08F0-8B71-4E7E-871D-058EECCEB932}.Release|x64.Build.0 = Release|x64
	EndGlobalSection
	GlobalSection(SolutionProperties) = preSolution
		HideSolutionNode = FALSE
	EndGlobalSection
	GlobalSection(ExtensibilityGlobals) = postSolution
		SolutionGuid = {1C5626CF-6CFF-4CBE-B01C-501AA87B17BB}
	EndGlobalSection
EndGlobal
